
Microsoft Visual Studio Solution File, Format Version 12.00
# Visual Studio Version 17
VisualStudioVersion = 17.3.32929.385
MinimumVisualStudioVersion = 10.0.40219.1
Project("{9A19103F-16F7-4668-BE54-9A1E7A4F7556}") = "191-PROJECT-BACKEND", "191-PROJECT-BACKEND\191-PROJECT-BACKEND.csproj", "{ACCD4989-D9E1-4DF3-B097-4E09526405A5}"
EndProject
Global
	GlobalSection(SolutionConfigurationPlatforms) = preSolution
		Debug|Any CPU = Debug|Any CPU
		Release|Any CPU = Release|Any CPU
	EndGlobalSection
	GlobalSection(ProjectConfigurationPlatforms) = postSolution
		{ACCD4989-D9E1-4DF3-B097-4E09526405A5}.Debug|Any CPU.ActiveCfg = Debug|Any CPU
		{ACCD4989-D9E1-4DF3-B097-4E09526405A5}.Debug|Any CPU.Build.0 = Debug|Any CPU
		{ACCD4989-D9E1-4DF3-B097-4E09526405A5}.Release|Any CPU.ActiveCfg = Release|Any CPU
		{ACCD4989-D9E1-4DF3-B097-4E09526405A5}.Release|Any CPU.Build.0 = Release|Any CPU
	EndGlobalSection
	GlobalSection(SolutionProperties) = preSolution
		HideSolutionNode = FALSE
	EndGlobalSection
	GlobalSection(ExtensibilityGlobals) = postSolution
		SolutionGuid = {D0E7A289-5D58-4649-9F53-7AD0CD619E7C}
	EndGlobalSection
EndGlobal
